# @generated by Move, please check-in and do not edit manually.

[move]
version = 3
manifest_digest = "C803569BD9ACBCC14F4A567E2F2A579D607008DDD1F73158DCE0E83BF9121CEC"
deps_digest = "F8BBB0CCB2491CA29A3DF03D6F92277A4F3574266507ACD77214D37ECA3F3082"
dependencies = [
  { id = "Sui", name = "Sui" },
]

[[move.package]]
id = "MoveStdlib"
source = { git = "https://github.com/MystenLabs/sui.git", rev = "testnet", subdir = "crates/sui-framework/packages/move-stdlib" }

[[move.package]]
id = "Sui"
source = { git = "https://github.com/MystenLabs/sui.git", rev = "testnet", subdir = "crates/sui-framework/packages/sui-framework" }

dependencies = [
  { id = "MoveStdlib", name = "MoveStdlib" },
]

[move.toolchain-version]
compiler-version = "1.35.0"
edition = "2024.beta"
flavor = "sui"

[env]

[env.testnet]
chain-id = "4c78adac"
original-published-id = "0xf2960e4b47134315c96a609c0c9edd34fd716e025e0e8d4f7bc46394f17125d3"
latest-published-id = "0xf2960e4b47134315c96a609c0c9edd34fd716e025e0e8d4f7bc46394f17125d3"
published-version = "1"
