# @generated by Move, please check-in and do not edit manually.

[move]
version = 2
manifest_digest = "B4E9738D6A7E52B9775654E8547FB4774392776F878037AC2D10CCD49787488D"
deps_digest = "F8BBB0CCB2491CA29A3DF03D6F92277A4F3574266507ACD77214D37ECA3F3082"
dependencies = [
  { name = "Sui" },
]

[[move.package]]
name = "MoveStdlib"
source = { git = "https://github.com/MystenLabs/sui.git", rev = "main", subdir = "crates/sui-framework/packages/move-stdlib" }

[[move.package]]
name = "Sui"
source = { git = "https://github.com/MystenLabs/sui.git", rev = "main", subdir = "crates/sui-framework/packages/sui-framework" }

dependencies = [
  { name = "MoveStdlib" },
]

[move.toolchain-version]
compiler-version = "1.34.1"
edition = "2024.beta"
flavor = "sui"

[env]

[env.testnet]
chain-id = "4c78adac"
original-published-id = "0x004d04754adaa8ffadd51a8542bc286b536f4f7954d7336afe09e45157f62c25"
latest-published-id = "0x004d04754adaa8ffadd51a8542bc286b536f4f7954d7336afe09e45157f62c25"
published-version = "1"
